{
  "name": "test",
  "version": "1.0.0",
  "lockfileVersion": 3,
  "requires": true,
  "packages": {
    "": {
      "name": "test",
      "version": "1.0.0",
      "license": "ISC",
      "dependencies": {
        "eveivy_calc": "^1.0.0"
      }
    },
    "node_modules/eveivy_calc": {
      "version": "1.0.0",
      "resolved": "https://registry.npmjs.org/eveivy_calc/-/eveivy_calc-1.0.0.tgz",
      "integrity": "sha512-y7G+hG0ohS5ph9A6aXeA90SAVUkHhMGnJjvDdYwRKCuApzA0RTeyfwD/0CZe8sbUlBPg13Cy9EZ1VktKh4kJ7w=="
    }
  }
}
